hash: 9bd621a07e894fa96dda3e65578b49be93b1c7d78019c7c34adccfd728a9d8ec
updated: 2016-02-27T16:42:22.449337281-08:00
imports:
- name: github.com/alecthomas/assert
  version: 4b99ac73009bbae11c6b736426c9078513c567dd
- name: github.com/alecthomas/colour
  version: 2584e2bf39cab59b9e0136cb14ce1d151a528bd3
- name: github.com/alecthomas/repr
  version: d8d9510886cdd694bd173eb9592c9272dc31ff4b
- name: github.com/alecthomas/template
  version: 14fd436dd20c3cc65242a9f396b61bfc8a3926fc
  subpackages:
  - parse
- name: github.com/alecthomas/units
  version: 2efee857e7cfd4f3d0138cc3cbb1b4966962b93a
- name: github.com/mattn/go-isatty
  version: 56b76bdf51f7708750eac80fa38b952bb9f32639
- name: github.com/sergi/go-diff
  version: ec7fdbb58eb3e300c8595ad5ac74a5aa50019cc7
  subpackages:
  - diffmatchpatch
- name: github.com/stretchr/testify
  version: 1f4a1643a57e798696635ea4c126e9127adb7d3c
  subpackages:
  - assert
- name: github.com/stretchrcom/testify
  version: 1f4a1643a57e798696635ea4c126e9127adb7d3c
  subpackages:
  - assert
- name: gopkg.in/alecthomas/kingpin.v2
  version: 8cccfa8eb2e3183254457fb1749b2667fbc364c7
devImports: []
